
Microsoft Visual Studio Solution File, Format Version 12.00
# Visual Studio Version 17
VisualStudioVersion = 17.9.34607.119
MinimumVisualStudioVersion = 10.0.40219.1
Project("{9A19103F-16F7-4668-BE54-9A1E7A4F7556}") = "SocialNetwork_App", "SocialNetwork_App\SocialNetwork_App.csproj", "{C0F3AFB7-9D47-4688-A06D-024079D4C7B0}"
EndProject
Project("{9A19103F-16F7-4668-BE54-9A1E7A4F7556}") = "DTO", "DTO\DTO.csproj", "{A05732EB-DB74-4D3B-BACF-FEB382A09C39}"
EndProject
Project("{9A19103F-16F7-4668-BE54-9A1E7A4F7556}") = "DAL", "DAL\DAL.csproj", "{BB61CC68-E934-45B7-8055-B2126FFCFEE9}"
EndProject
Project("{9A19103F-16F7-4668-BE54-9A1E7A4F7556}") = "SocialNetwork_WPF", "SocialNetwork_WPF\SocialNetwork_WPF.csproj", "{385BFD32-7CFF-40C8-B9F3-C0B880D7BD8C}"
EndProject
Global
	GlobalSection(SolutionConfigurationPlatforms) = preSolution
		Debug|Any CPU = Debug|Any CPU
		Release|Any CPU = Release|Any CPU
	EndGlobalSection
	GlobalSection(ProjectConfigurationPlatforms) = postSolution
		{C0F3AFB7-9D47-4688-A06D-024079D4C7B0}.Debug|Any CPU.ActiveCfg = Debug|Any CPU
		{C0F3AFB7-9D47-4688-A06D-024079D4C7B0}.Debug|Any CPU.Build.0 = Debug|Any CPU
		{C0F3AFB7-9D47-4688-A06D-024079D4C7B0}.Release|Any CPU.ActiveCfg = Release|Any CPU
		{C0F3AFB7-9D47-4688-A06D-024079D4C7B0}.Release|Any CPU.Build.0 = Release|Any CPU
		{A05732EB-DB74-4D3B-BACF-FEB382A09C39}.Debug|Any CPU.ActiveCfg = Debug|Any CPU
		{A05732EB-DB74-4D3B-BACF-FEB382A09C39}.Debug|Any CPU.Build.0 = Debug|Any CPU
		{A05732EB-DB74-4D3B-BACF-FEB382A09C39}.Release|Any CPU.ActiveCfg = Release|Any CPU
		{A05732EB-DB74-4D3B-BACF-FEB382A09C39}.Release|Any CPU.Build.0 = Release|Any CPU
		{BB61CC68-E934-45B7-8055-B2126FFCFEE9}.Debug|Any CPU.ActiveCfg = Debug|Any CPU
		{BB61CC68-E934-45B7-8055-B2126FFCFEE9}.Debug|Any CPU.Build.0 = Debug|Any CPU
		{BB61CC68-E934-45B7-8055-B2126FFCFEE9}.Release|Any CPU.ActiveCfg = Release|Any CPU
		{BB61CC68-E934-45B7-8055-B2126FFCFEE9}.Release|Any CPU.Build.0 = Release|Any CPU
		{385BFD32-7CFF-40C8-B9F3-C0B880D7BD8C}.Debug|Any CPU.ActiveCfg = Debug|Any CPU
		{385BFD32-7CFF-40C8-B9F3-C0B880D7BD8C}.Debug|Any CPU.Build.0 = Debug|Any CPU
		{385BFD32-7CFF-40C8-B9F3-C0B880D7BD8C}.Release|Any CPU.ActiveCfg = Release|Any CPU
		{385BFD32-7CFF-40C8-B9F3-C0B880D7BD8C}.Release|Any CPU.Build.0 = Release|Any CPU
	EndGlobalSection
	GlobalSection(SolutionProperties) = preSolution
		HideSolutionNode = FALSE
	EndGlobalSection
	GlobalSection(ExtensibilityGlobals) = postSolution
		SolutionGuid = {95652E48-BF66-4819-9784-FDB570C6A849}
	EndGlobalSection
EndGlobal
